
Microsoft Visual Studio Solution File, Format Version 12.00
# Visual Studio Version 17
VisualStudioVersion = 17.8.34330.188
MinimumVisualStudioVersion = 10.0.40219.1
Project("{2150E333-8FDC-42A3-9474-1A3956D46DE8}") = "Src", "Src", "{A532E1CD-AA65-4A36-8709-6BF6BCF3F30E}"
EndProject
Project("{2150E333-8FDC-42A3-9474-1A3956D46DE8}") = "Services", "Services", "{0152359F-BF7E-4603-BA6C-AAC186F02DEC}"
EndProject
Project("{2150E333-8FDC-42A3-9474-1A3956D46DE8}") = "IdentityService", "IdentityService", "{F1F87728-E5A6-4088-82A1-4CF29D625887}"
EndProject
Project("{2150E333-8FDC-42A3-9474-1A3956D46DE8}") = "WebApps", "WebApps", "{A93FC328-E2D9-4B5B-B6EE-904B20529EAA}"
EndProject
Project("{9A19103F-16F7-4668-BE54-9A1E7A4F7556}") = "IdentityService.API", "src\Services\IdentityService\IdentityService.API\IdentityService.API.csproj", "{90F05B84-6A92-4D6B-BEA7-D8D5BB073A5A}"
EndProject
Project("{9A19103F-16F7-4668-BE54-9A1E7A4F7556}") = "IdentityService.Application", "src\Services\IdentityService\IdentityService.Application\IdentityService.Application.csproj", "{9E7B2B25-5EC7-40C3-9C66-79E426729D18}"
EndProject
Project("{9A19103F-16F7-4668-BE54-9A1E7A4F7556}") = "IdentityService.Domain", "src\Services\IdentityService\IdentityService.Domain\IdentityService.Domain.csproj", "{812F028A-FAC2-4923-8E7D-EDB1D0AD1267}"
EndProject
Project("{9A19103F-16F7-4668-BE54-9A1E7A4F7556}") = "IdentityService.Infrastructure", "src\Services\IdentityService\IdentityService.Infrastructure\IdentityService.Infrastructure.csproj", "{6134B4E0-13CF-4BF6-BDD5-62C89CD6CB37}"
EndProject
Project("{2150E333-8FDC-42A3-9474-1A3956D46DE8}") = "TirexShopApiGateway", "TirexShopApiGateway", "{9230CEC3-0FA6-471A-AFF3-33C1140D715E}"
EndProject
Project("{FAE04EC0-301F-11D3-BF4B-00C04F79EFBC}") = "TirexShop.API", "src\WebApps\TirexShopApiGateway\TirexShop.API\TirexShop.API.csproj", "{E1113C55-2655-4A2E-9D32-8267492C9C7D}"
EndProject
Project("{E53339B2-1760-4266-BCC7-CA923CBCF16C}") = "docker-compose", "docker-compose.dcproj", "{F78AF4B7-61B5-4B57-BF6A-D0B488438FF3}"
EndProject
Project("{2150E333-8FDC-42A3-9474-1A3956D46DE8}") = "Infrastructure", "Infrastructure", "{1A6C71E1-D14F-48F4-90EC-93C6B480828B}"
EndProject
Project("{2150E333-8FDC-42A3-9474-1A3956D46DE8}") = "Monitoring", "Monitoring", "{F5915FE3-1314-4A0B-9E8E-A838AFB0DD29}"
	ProjectSection(SolutionItems) = preProject
		Infrastructure\Monitoring\promtail-config.yaml = Infrastructure\Monitoring\promtail-config.yaml
		Infrastructure\Monitoring\loki-config.yaml = Infrastructure\Monitoring\loki-config.yaml
		Infrastructure\Monitoring\alloy\config.alloy = Infrastructure\Monitoring\alloy\config.alloy
	EndProjectSection
EndProject
Project("{2150E333-8FDC-42A3-9474-1A3956D46DE8}") = "grafana", "grafana", "{4574FF7D-F527-410A-A860-682E125791F9}"
	ProjectSection(SolutionItems) = preProject
		Infrastructure\Monitoring\grafana\datasources.yaml = Infrastructure\Monitoring\grafana\datasources.yaml
		Infrastructure\Monitoring\grafana\dashboards.yaml = Infrastructure\Monitoring\grafana\dashboards.yaml
	EndProjectSection
EndProject
Project("{2150E333-8FDC-42A3-9474-1A3956D46DE8}") = "dashboards", "dashboards", "{D745E1C2-A5B1-43B0-968D-2528E5103161}"
	ProjectSection(SolutionItems) = preProject
		Infrastructure\Monitoring\grafana\dashboards\MyDashboard.json = Infrastructure\Monitoring\grafana\dashboards\MyDashboard.json
		Infrastructure\Monitoring\grafana\dashboards\metricsDashboard.json = Infrastructure\Monitoring\grafana\dashboards\metricsDashboard.json
	EndProjectSection
EndProject
Project("{FAE04EC0-301F-11D3-BF4B-00C04F79EFBC}") = "ServiceDefaults", "Infrastructure\ServiceDefaults\ServiceDefaults.csproj", "{88776E4A-9598-434E-882F-5BA4B485F867}"
EndProject
Project("{2150E333-8FDC-42A3-9474-1A3956D46DE8}") = "Keycloak", "Keycloak", "{4F5C437D-53DD-4BFE-B874-58254D616106}"
	ProjectSection(SolutionItems) = preProject
		Infrastructure\Keycloak\keycloak.conf = Infrastructure\Keycloak\keycloak.conf
	EndProjectSection
EndProject
Project("{2150E333-8FDC-42A3-9474-1A3956D46DE8}") = "providers", "providers", "{8581A8DD-FEA7-4682-A260-C910524573EC}"
	ProjectSection(SolutionItems) = preProject
		Infrastructure\Keycloak\providers\keycloak-spi-kafka.jar = Infrastructure\Keycloak\providers\keycloak-spi-kafka.jar
	EndProjectSection
EndProject
Global
	GlobalSection(SolutionConfigurationPlatforms) = preSolution
		Debug|Any CPU = Debug|Any CPU
		Release|Any CPU = Release|Any CPU
	EndGlobalSection
	GlobalSection(ProjectConfigurationPlatforms) = postSolution
		{90F05B84-6A92-4D6B-BEA7-D8D5BB073A5A}.Debug|Any CPU.ActiveCfg = Debug|Any CPU
		{90F05B84-6A92-4D6B-BEA7-D8D5BB073A5A}.Debug|Any CPU.Build.0 = Debug|Any CPU
		{90F05B84-6A92-4D6B-BEA7-D8D5BB073A5A}.Release|Any CPU.ActiveCfg = Release|Any CPU
		{90F05B84-6A92-4D6B-BEA7-D8D5BB073A5A}.Release|Any CPU.Build.0 = Release|Any CPU
		{9E7B2B25-5EC7-40C3-9C66-79E426729D18}.Debug|Any CPU.ActiveCfg = Debug|Any CPU
		{9E7B2B25-5EC7-40C3-9C66-79E426729D18}.Debug|Any CPU.Build.0 = Debug|Any CPU
		{9E7B2B25-5EC7-40C3-9C66-79E426729D18}.Release|Any CPU.ActiveCfg = Release|Any CPU
		{9E7B2B25-5EC7-40C3-9C66-79E426729D18}.Release|Any CPU.Build.0 = Release|Any CPU
		{812F028A-FAC2-4923-8E7D-EDB1D0AD1267}.Debug|Any CPU.ActiveCfg = Debug|Any CPU
		{812F028A-FAC2-4923-8E7D-EDB1D0AD1267}.Debug|Any CPU.Build.0 = Debug|Any CPU
		{812F028A-FAC2-4923-8E7D-EDB1D0AD1267}.Release|Any CPU.ActiveCfg = Release|Any CPU
		{812F028A-FAC2-4923-8E7D-EDB1D0AD1267}.Release|Any CPU.Build.0 = Release|Any CPU
		{6134B4E0-13CF-4BF6-BDD5-62C89CD6CB37}.Debug|Any CPU.ActiveCfg = Debug|Any CPU
		{6134B4E0-13CF-4BF6-BDD5-62C89CD6CB37}.Debug|Any CPU.Build.0 = Debug|Any CPU
		{6134B4E0-13CF-4BF6-BDD5-62C89CD6CB37}.Release|Any CPU.ActiveCfg = Release|Any CPU
		{6134B4E0-13CF-4BF6-BDD5-62C89CD6CB37}.Release|Any CPU.Build.0 = Release|Any CPU
		{E1113C55-2655-4A2E-9D32-8267492C9C7D}.Debug|Any CPU.ActiveCfg = Debug|Any CPU
		{E1113C55-2655-4A2E-9D32-8267492C9C7D}.Debug|Any CPU.Build.0 = Debug|Any CPU
		{E1113C55-2655-4A2E-9D32-8267492C9C7D}.Release|Any CPU.ActiveCfg = Release|Any CPU
		{E1113C55-2655-4A2E-9D32-8267492C9C7D}.Release|Any CPU.Build.0 = Release|Any CPU
		{F78AF4B7-61B5-4B57-BF6A-D0B488438FF3}.Debug|Any CPU.ActiveCfg = Debug|Any CPU
		{F78AF4B7-61B5-4B57-BF6A-D0B488438FF3}.Debug|Any CPU.Build.0 = Debug|Any CPU
		{F78AF4B7-61B5-4B57-BF6A-D0B488438FF3}.Release|Any CPU.ActiveCfg = Release|Any CPU
		{F78AF4B7-61B5-4B57-BF6A-D0B488438FF3}.Release|Any CPU.Build.0 = Release|Any CPU
		{88776E4A-9598-434E-882F-5BA4B485F867}.Debug|Any CPU.ActiveCfg = Debug|Any CPU
		{88776E4A-9598-434E-882F-5BA4B485F867}.Debug|Any CPU.Build.0 = Debug|Any CPU
		{88776E4A-9598-434E-882F-5BA4B485F867}.Release|Any CPU.ActiveCfg = Release|Any CPU
		{88776E4A-9598-434E-882F-5BA4B485F867}.Release|Any CPU.Build.0 = Release|Any CPU
	EndGlobalSection
	GlobalSection(SolutionProperties) = preSolution
		HideSolutionNode = FALSE
	EndGlobalSection
	GlobalSection(NestedProjects) = preSolution
		{0152359F-BF7E-4603-BA6C-AAC186F02DEC} = {A532E1CD-AA65-4A36-8709-6BF6BCF3F30E}
		{F1F87728-E5A6-4088-82A1-4CF29D625887} = {0152359F-BF7E-4603-BA6C-AAC186F02DEC}
		{A93FC328-E2D9-4B5B-B6EE-904B20529EAA} = {A532E1CD-AA65-4A36-8709-6BF6BCF3F30E}
		{90F05B84-6A92-4D6B-BEA7-D8D5BB073A5A} = {F1F87728-E5A6-4088-82A1-4CF29D625887}
		{9E7B2B25-5EC7-40C3-9C66-79E426729D18} = {F1F87728-E5A6-4088-82A1-4CF29D625887}
		{812F028A-FAC2-4923-8E7D-EDB1D0AD1267} = {F1F87728-E5A6-4088-82A1-4CF29D625887}
		{6134B4E0-13CF-4BF6-BDD5-62C89CD6CB37} = {F1F87728-E5A6-4088-82A1-4CF29D625887}
		{9230CEC3-0FA6-471A-AFF3-33C1140D715E} = {A93FC328-E2D9-4B5B-B6EE-904B20529EAA}
		{E1113C55-2655-4A2E-9D32-8267492C9C7D} = {9230CEC3-0FA6-471A-AFF3-33C1140D715E}
		{F5915FE3-1314-4A0B-9E8E-A838AFB0DD29} = {1A6C71E1-D14F-48F4-90EC-93C6B480828B}
		{4574FF7D-F527-410A-A860-682E125791F9} = {F5915FE3-1314-4A0B-9E8E-A838AFB0DD29}
		{D745E1C2-A5B1-43B0-968D-2528E5103161} = {4574FF7D-F527-410A-A860-682E125791F9}
		{88776E4A-9598-434E-882F-5BA4B485F867} = {1A6C71E1-D14F-48F4-90EC-93C6B480828B}
		{4F5C437D-53DD-4BFE-B874-58254D616106} = {1A6C71E1-D14F-48F4-90EC-93C6B480828B}
		{8581A8DD-FEA7-4682-A260-C910524573EC} = {4F5C437D-53DD-4BFE-B874-58254D616106}
	EndGlobalSection
	GlobalSection(ExtensibilityGlobals) = postSolution
		SolutionGuid = {CD1A27B3-E8D8-41D1-8DAA-9100BDDA1C85}
	EndGlobalSection
EndGlobal
