
Microsoft Visual Studio Solution File, Format Version 12.00
# Visual Studio Version 17
VisualStudioVersion = 17.8.34330.188
MinimumVisualStudioVersion = 10.0.40219.1
Project("{FAE04EC0-301F-11D3-BF4B-00C04F79EFBC}") = "TirexShopApiGateway", "TirexShopApiGateway\TirexShopApiGateway.csproj", "{6B38E6C3-334F-4BA5-B212-3EE5AD6C1FA3}"
EndProject
Global
	GlobalSection(SolutionConfigurationPlatforms) = preSolution
		Debug|Any CPU = Debug|Any CPU
		Release|Any CPU = Release|Any CPU
	EndGlobalSection
	GlobalSection(ProjectConfigurationPlatforms) = postSolution
		{6B38E6C3-334F-4BA5-B212-3EE5AD6C1FA3}.Debug|Any CPU.ActiveCfg = Debug|Any CPU
		{6B38E6C3-334F-4BA5-B212-3EE5AD6C1FA3}.Debug|Any CPU.Build.0 = Debug|Any CPU
		{6B38E6C3-334F-4BA5-B212-3EE5AD6C1FA3}.Release|Any CPU.ActiveCfg = Release|Any CPU
		{6B38E6C3-334F-4BA5-B212-3EE5AD6C1FA3}.Release|Any CPU.Build.0 = Release|Any CPU
	EndGlobalSection
	GlobalSection(SolutionProperties) = preSolution
		HideSolutionNode = FALSE
	EndGlobalSection
	GlobalSection(ExtensibilityGlobals) = postSolution
		SolutionGuid = {51A5438F-A186-4E56-A89C-67BE70CEDEF1}
	EndGlobalSection
EndGlobal
